{
  "originHash" : "f1081d72479dd44d3929d7566792dca6d47e646523dad294d4295cdaa0157a37",
  "pins" : [
    {
      "identity" : "appsflyerframework",
      "kind" : "remoteSourceControl",
      "location" : "https://github.com/AppsFlyerSDK/AppsFlyerFramework",
      "state" : {
        "revision" : "048633aeec183ddd41b5342c5e0ff57f102dd509",
        "version" : "6.15.3"
      }
    },
    {
      "identity" : "purchases-ios-spm",
      "kind" : "remoteSourceControl",
      "location" : "https://github.com/RevenueCat/purchases-ios-spm",
      "state" : {
        "revision" : "7b2855bbe96980952c9ebe686df1ead1b38f1f11",
        "version" : "5.9.0"
      }
    }
  ],
  "version" : 3
}
